
Microsoft Visual Studio Solution File, Format Version 12.00
# Visual Studio 15
VisualStudioVersion = 15.0.26730.16
MinimumVisualStudioVersion = 10.0.40219.1
Project("{FAE04EC0-301F-11D3-BF4B-00C04F79EFBC}") = "ch2", "ch2\ch2.csproj", "{1B9046ED-CE89-4389-BF78-1E97CE18B66E}"
EndProject
Project("{FAE04EC0-301F-11D3-BF4B-00C04F79EFBC}") = "ch4", "ch4\ch4.csproj", "{D611C11C-CF58-4732-8826-EEDB4AECD922}"
EndProject
Project("{FAE04EC0-301F-11D3-BF4B-00C04F79EFBC}") = "ch3", "ch3\ch3.csproj", "{F3024798-F204-4262-9AAC-CD64F67FAB60}"
EndProject
Project("{FAE04EC0-301F-11D3-BF4B-00C04F79EFBC}") = "ch6", "ch6\ch6.csproj", "{116E48C8-25F0-498A-80B3-F0254362CB9E}"
EndProject
Project("{FAE04EC0-301F-11D3-BF4B-00C04F79EFBC}") = "finalexam", "finalexam\finalexam.csproj", "{756FF557-B54F-46CE-8C1F-506F4424C605}"
EndProject
Global
	GlobalSection(SolutionConfigurationPlatforms) = preSolution
		Debug|Any CPU = Debug|Any CPU
		Debug|ARM = Debug|ARM
		Debug|x64 = Debug|x64
		Debug|x86 = Debug|x86
		Release|Any CPU = Release|Any CPU
		Release|ARM = Release|ARM
		Release|x64 = Release|x64
		Release|x86 = Release|x86
	EndGlobalSection
	GlobalSection(ProjectConfigurationPlatforms) = postSolution
		{1B9046ED-CE89-4389-BF78-1E97CE18B66E}.Debug|Any CPU.ActiveCfg = Debug|Any CPU
		{1B9046ED-CE89-4389-BF78-1E97CE18B66E}.Debug|Any CPU.Build.0 = Debug|Any CPU
		{1B9046ED-CE89-4389-BF78-1E97CE18B66E}.Debug|ARM.ActiveCfg = Debug|Any CPU
		{1B9046ED-CE89-4389-BF78-1E97CE18B66E}.Debug|ARM.Build.0 = Debug|Any CPU
		{1B9046ED-CE89-4389-BF78-1E97CE18B66E}.Debug|x64.ActiveCfg = Debug|Any CPU
		{1B9046ED-CE89-4389-BF78-1E97CE18B66E}.Debug|x64.Build.0 = Debug|Any CPU
		{1B9046ED-CE89-4389-BF78-1E97CE18B66E}.Debug|x86.ActiveCfg = Debug|Any CPU
		{1B9046ED-CE89-4389-BF78-1E97CE18B66E}.Debug|x86.Build.0 = Debug|Any CPU
		{1B9046ED-CE89-4389-BF78-1E97CE18B66E}.Release|Any CPU.ActiveCfg = Release|Any CPU
		{1B9046ED-CE89-4389-BF78-1E97CE18B66E}.Release|Any CPU.Build.0 = Release|Any CPU
		{1B9046ED-CE89-4389-BF78-1E97CE18B66E}.Release|ARM.ActiveCfg = Release|Any CPU
		{1B9046ED-CE89-4389-BF78-1E97CE18B66E}.Release|ARM.Build.0 = Release|Any CPU
		{1B9046ED-CE89-4389-BF78-1E97CE18B66E}.Release|x64.ActiveCfg = Release|Any CPU
		{1B9046ED-CE89-4389-BF78-1E97CE18B66E}.Release|x64.Build.0 = Release|Any CPU
		{1B9046ED-CE89-4389-BF78-1E97CE18B66E}.Release|x86.ActiveCfg = Release|Any CPU
		{1B9046ED-CE89-4389-BF78-1E97CE18B66E}.Release|x86.Build.0 = Release|Any CPU
		{D611C11C-CF58-4732-8826-EEDB4AECD922}.Debug|Any CPU.ActiveCfg = Debug|Any CPU
		{D611C11C-CF58-4732-8826-EEDB4AECD922}.Debug|Any CPU.Build.0 = Debug|Any CPU
		{D611C11C-CF58-4732-8826-EEDB4AECD922}.Debug|ARM.ActiveCfg = Debug|Any CPU
		{D611C11C-CF58-4732-8826-EEDB4AECD922}.Debug|ARM.Build.0 = Debug|Any CPU
		{D611C11C-CF58-4732-8826-EEDB4AECD922}.Debug|x64.ActiveCfg = Debug|Any CPU
		{D611C11C-CF58-4732-8826-EEDB4AECD922}.Debug|x64.Build.0 = Debug|Any CPU
		{D611C11C-CF58-4732-8826-EEDB4AECD922}.Debug|x86.ActiveCfg = Debug|Any CPU
		{D611C11C-CF58-4732-8826-EEDB4AECD922}.Debug|x86.Build.0 = Debug|Any CPU
		{D611C11C-CF58-4732-8826-EEDB4AECD922}.Release|Any CPU.ActiveCfg = Release|Any CPU
		{D611C11C-CF58-4732-8826-EEDB4AECD922}.Release|Any CPU.Build.0 = Release|Any CPU
		{D611C11C-CF58-4732-8826-EEDB4AECD922}.Release|ARM.ActiveCfg = Release|Any CPU
		{D611C11C-CF58-4732-8826-EEDB4AECD922}.Release|ARM.Build.0 = Release|Any CPU
		{D611C11C-CF58-4732-8826-EEDB4AECD922}.Release|x64.ActiveCfg = Release|Any CPU
		{D611C11C-CF58-4732-8826-EEDB4AECD922}.Release|x64.Build.0 = Release|Any CPU
		{D611C11C-CF58-4732-8826-EEDB4AECD922}.Release|x86.ActiveCfg = Release|Any CPU
		{D611C11C-CF58-4732-8826-EEDB4AECD922}.Release|x86.Build.0 = Release|Any CPU
		{F3024798-F204-4262-9AAC-CD64F67FAB60}.Debug|Any CPU.ActiveCfg = Debug|Any CPU
		{F3024798-F204-4262-9AAC-CD64F67FAB60}.Debug|Any CPU.Build.0 = Debug|Any CPU
		{F3024798-F204-4262-9AAC-CD64F67FAB60}.Debug|ARM.ActiveCfg = Debug|Any CPU
		{F3024798-F204-4262-9AAC-CD64F67FAB60}.Debug|ARM.Build.0 = Debug|Any CPU
		{F3024798-F204-4262-9AAC-CD64F67FAB60}.Debug|x64.ActiveCfg = Debug|Any CPU
		{F3024798-F204-4262-9AAC-CD64F67FAB60}.Debug|x64.Build.0 = Debug|Any CPU
		{F3024798-F204-4262-9AAC-CD64F67FAB60}.Debug|x86.ActiveCfg = Debug|Any CPU
		{F3024798-F204-4262-9AAC-CD64F67FAB60}.Debug|x86.Build.0 = Debug|Any CPU
		{F3024798-F204-4262-9AAC-CD64F67FAB60}.Release|Any CPU.ActiveCfg = Release|Any CPU
		{F3024798-F204-4262-9AAC-CD64F67FAB60}.Release|Any CPU.Build.0 = Release|Any CPU
		{F3024798-F204-4262-9AAC-CD64F67FAB60}.Release|ARM.ActiveCfg = Release|Any CPU
		{F3024798-F204-4262-9AAC-CD64F67FAB60}.Release|ARM.Build.0 = Release|Any CPU
		{F3024798-F204-4262-9AAC-CD64F67FAB60}.Release|x64.ActiveCfg = Release|Any CPU
		{F3024798-F204-4262-9AAC-CD64F67FAB60}.Release|x64.Build.0 = Release|Any CPU
		{F3024798-F204-4262-9AAC-CD64F67FAB60}.Release|x86.ActiveCfg = Release|Any CPU
		{F3024798-F204-4262-9AAC-CD64F67FAB60}.Release|x86.Build.0 = Release|Any CPU
		{116E48C8-25F0-498A-80B3-F0254362CB9E}.Debug|Any CPU.ActiveCfg = Debug|Any CPU
		{116E48C8-25F0-498A-80B3-F0254362CB9E}.Debug|Any CPU.Build.0 = Debug|Any CPU
		{116E48C8-25F0-498A-80B3-F0254362CB9E}.Debug|ARM.ActiveCfg = Debug|Any CPU
		{116E48C8-25F0-498A-80B3-F0254362CB9E}.Debug|ARM.Build.0 = Debug|Any CPU
		{116E48C8-25F0-498A-80B3-F0254362CB9E}.Debug|x64.ActiveCfg = Debug|Any CPU
		{116E48C8-25F0-498A-80B3-F0254362CB9E}.Debug|x64.Build.0 = Debug|Any CPU
		{116E48C8-25F0-498A-80B3-F0254362CB9E}.Debug|x86.ActiveCfg = Debug|Any CPU
		{116E48C8-25F0-498A-80B3-F0254362CB9E}.Debug|x86.Build.0 = Debug|Any CPU
		{116E48C8-25F0-498A-80B3-F0254362CB9E}.Release|Any CPU.ActiveCfg = Release|Any CPU
		{116E48C8-25F0-498A-80B3-F0254362CB9E}.Release|Any CPU.Build.0 = Release|Any CPU
		{116E48C8-25F0-498A-80B3-F0254362CB9E}.Release|ARM.ActiveCfg = Release|Any CPU
		{116E48C8-25F0-498A-80B3-F0254362CB9E}.Release|ARM.Build.0 = Release|Any CPU
		{116E48C8-25F0-498A-80B3-F0254362CB9E}.Release|x64.ActiveCfg = Release|Any CPU
		{116E48C8-25F0-498A-80B3-F0254362CB9E}.Release|x64.Build.0 = Release|Any CPU
		{116E48C8-25F0-498A-80B3-F0254362CB9E}.Release|x86.ActiveCfg = Release|Any CPU
		{116E48C8-25F0-498A-80B3-F0254362CB9E}.Release|x86.Build.0 = Release|Any CPU
		{756FF557-B54F-46CE-8C1F-506F4424C605}.Debug|Any CPU.ActiveCfg = Debug|Any CPU
		{756FF557-B54F-46CE-8C1F-506F4424C605}.Debug|Any CPU.Build.0 = Debug|Any CPU
		{756FF557-B54F-46CE-8C1F-506F4424C605}.Debug|ARM.ActiveCfg = Debug|Any CPU
		{756FF557-B54F-46CE-8C1F-506F4424C605}.Debug|ARM.Build.0 = Debug|Any CPU
		{756FF557-B54F-46CE-8C1F-506F4424C605}.Debug|x64.ActiveCfg = Debug|Any CPU
		{756FF557-B54F-46CE-8C1F-506F4424C605}.Debug|x64.Build.0 = Debug|Any CPU
		{756FF557-B54F-46CE-8C1F-506F4424C605}.Debug|x86.ActiveCfg = Debug|Any CPU
		{756FF557-B54F-46CE-8C1F-506F4424C605}.Debug|x86.Build.0 = Debug|Any CPU
		{756FF557-B54F-46CE-8C1F-506F4424C605}.Release|Any CPU.ActiveCfg = Release|Any CPU
		{756FF557-B54F-46CE-8C1F-506F4424C605}.Release|Any CPU.Build.0 = Release|Any CPU
		{756FF557-B54F-46CE-8C1F-506F4424C605}.Release|ARM.ActiveCfg = Release|Any CPU
		{756FF557-B54F-46CE-8C1F-506F4424C605}.Release|ARM.Build.0 = Release|Any CPU
		{756FF557-B54F-46CE-8C1F-506F4424C605}.Release|x64.ActiveCfg = Release|Any CPU
		{756FF557-B54F-46CE-8C1F-506F4424C605}.Release|x64.Build.0 = Release|Any CPU
		{756FF557-B54F-46CE-8C1F-506F4424C605}.Release|x86.ActiveCfg = Release|Any CPU
		{756FF557-B54F-46CE-8C1F-506F4424C605}.Release|x86.Build.0 = Release|Any CPU
	EndGlobalSection
	GlobalSection(SolutionProperties) = preSolution
		HideSolutionNode = FALSE
	EndGlobalSection
	GlobalSection(ExtensibilityGlobals) = postSolution
		SolutionGuid = {483ED16A-77C8-4226-B275-B58422DC2F99}
	EndGlobalSection
EndGlobal
