
Microsoft Visual Studio Solution File, Format Version 12.00
# Visual Studio 15
VisualStudioVersion = 15.0.26730.16
MinimumVisualStudioVersion = 10.0.40219.1
Project("{FAE04EC0-301F-11D3-BF4B-00C04F79EFBC}") = "WindowsFormsEx1", "WindowsFormsEx1\WindowsFormsEx1.csproj", "{2085DB0B-C2DF-417C-9AA0-C4771780C1D2}"
EndProject
Project("{FAE04EC0-301F-11D3-BF4B-00C04F79EFBC}") = "WinAbstractionDemo1", "..\WinAbstractionDemo1\WinAbstractionDemo1.csproj", "{86A2D93F-3354-4025-98CF-D7344DDD2C33}"
EndProject
Project("{FAE04EC0-301F-11D3-BF4B-00C04F79EFBC}") = "WinAbstractionDemo2", "..\WinAbstractionDemo2\WinAbstractionDemo2.csproj", "{81DF333D-3314-4FE6-97C1-69EBA09AAAE6}"
EndProject
Global
	GlobalSection(SolutionConfigurationPlatforms) = preSolution
		Debug|Any CPU = Debug|Any CPU
		Release|Any CPU = Release|Any CPU
	EndGlobalSection
	GlobalSection(ProjectConfigurationPlatforms) = postSolution
		{2085DB0B-C2DF-417C-9AA0-C4771780C1D2}.Debug|Any CPU.ActiveCfg = Debug|Any CPU
		{2085DB0B-C2DF-417C-9AA0-C4771780C1D2}.Debug|Any CPU.Build.0 = Debug|Any CPU
		{2085DB0B-C2DF-417C-9AA0-C4771780C1D2}.Release|Any CPU.ActiveCfg = Release|Any CPU
		{2085DB0B-C2DF-417C-9AA0-C4771780C1D2}.Release|Any CPU.Build.0 = Release|Any CPU
		{86A2D93F-3354-4025-98CF-D7344DDD2C33}.Debug|Any CPU.ActiveCfg = Debug|Any CPU
		{86A2D93F-3354-4025-98CF-D7344DDD2C33}.Debug|Any CPU.Build.0 = Debug|Any CPU
		{86A2D93F-3354-4025-98CF-D7344DDD2C33}.Release|Any CPU.ActiveCfg = Release|Any CPU
		{86A2D93F-3354-4025-98CF-D7344DDD2C33}.Release|Any CPU.Build.0 = Release|Any CPU
		{81DF333D-3314-4FE6-97C1-69EBA09AAAE6}.Debug|Any CPU.ActiveCfg = Debug|Any CPU
		{81DF333D-3314-4FE6-97C1-69EBA09AAAE6}.Debug|Any CPU.Build.0 = Debug|Any CPU
		{81DF333D-3314-4FE6-97C1-69EBA09AAAE6}.Release|Any CPU.ActiveCfg = Release|Any CPU
		{81DF333D-3314-4FE6-97C1-69EBA09AAAE6}.Release|Any CPU.Build.0 = Release|Any CPU
	EndGlobalSection
	GlobalSection(SolutionProperties) = preSolution
		HideSolutionNode = FALSE
	EndGlobalSection
	GlobalSection(ExtensibilityGlobals) = postSolution
		SolutionGuid = {F01842F9-FC25-419A-B3DD-808AE48AFC76}
	EndGlobalSection
EndGlobal
